
Microsoft Visual Studio Solution File, Format Version 12.00
# Visual Studio 15
VisualStudioVersion = 15.0.25807.0
MinimumVisualStudioVersion = 10.0.40219.1
Project("{2150E333-8FDC-42A3-9474-1A3956D46DE8}") = "Engine", "Engine", "{AF38A7A0-E8F7-4ED5-BF3C-F0A128BD9DBF}"
EndProject
Project("{2150E333-8FDC-42A3-9474-1A3956D46DE8}") = "Games", "Games", "{D75F1BC7-560D-4819-BDF3-24A3D3306350}"
EndProject
Project("{8BC9CEB8-8B4A-11D0-8D11-00A0C91BC942}") = "UE4", "Intermediate\ProjectFiles\UE4.vcxproj", "{F4EE8094-45AF-44CA-87EE-1A9BF3AD63DA}"
EndProject
Project("{8BC9CEB8-8B4A-11D0-8D11-00A0C91BC942}") = "PacMan", "Intermediate\ProjectFiles\PacMan.vcxproj", "{8D5E9879-6211-4865-A1CB-F9BE7162007F}"
EndProject
Global
	GlobalSection(SolutionConfigurationPlatforms) = preSolution
		DebugGame Editor|HTML5 = DebugGame Editor|HTML5
		DebugGame Editor|Win32 = DebugGame Editor|Win32
		DebugGame Editor|Win64 = DebugGame Editor|Win64
		DebugGame|HTML5 = DebugGame|HTML5
		DebugGame|Win32 = DebugGame|Win32
		DebugGame|Win64 = DebugGame|Win64
		Development Editor|HTML5 = Development Editor|HTML5
		Development Editor|Win32 = Development Editor|Win32
		Development Editor|Win64 = Development Editor|Win64
		Development|HTML5 = Development|HTML5
		Development|Win32 = Development|Win32
		Development|Win64 = Development|Win64
		Shipping|HTML5 = Shipping|HTML5
		Shipping|Win32 = Shipping|Win32
		Shipping|Win64 = Shipping|Win64
	EndGlobalSection
	GlobalSection(ProjectConfigurationPlatforms) = postSolution
		{F4EE8094-45AF-44CA-87EE-1A9BF3AD63DA}.DebugGame Editor|HTML5.ActiveCfg = BuiltWithUnrealBuildTool|Win32
		{F4EE8094-45AF-44CA-87EE-1A9BF3AD63DA}.DebugGame Editor|HTML5.Build.0 = BuiltWithUnrealBuildTool|Win32
		{F4EE8094-45AF-44CA-87EE-1A9BF3AD63DA}.DebugGame Editor|Win32.ActiveCfg = BuiltWithUnrealBuildTool|Win32
		{F4EE8094-45AF-44CA-87EE-1A9BF3AD63DA}.DebugGame Editor|Win32.Build.0 = BuiltWithUnrealBuildTool|Win32
		{F4EE8094-45AF-44CA-87EE-1A9BF3AD63DA}.DebugGame Editor|Win64.ActiveCfg = BuiltWithUnrealBuildTool|Win32
		{F4EE8094-45AF-44CA-87EE-1A9BF3AD63DA}.DebugGame Editor|Win64.Build.0 = BuiltWithUnrealBuildTool|Win32
		{F4EE8094-45AF-44CA-87EE-1A9BF3AD63DA}.DebugGame|HTML5.ActiveCfg = BuiltWithUnrealBuildTool|Win32
		{F4EE8094-45AF-44CA-87EE-1A9BF3AD63DA}.DebugGame|HTML5.Build.0 = BuiltWithUnrealBuildTool|Win32
		{F4EE8094-45AF-44CA-87EE-1A9BF3AD63DA}.DebugGame|Win32.ActiveCfg = BuiltWithUnrealBuildTool|Win32
		{F4EE8094-45AF-44CA-87EE-1A9BF3AD63DA}.DebugGame|Win32.Build.0 = BuiltWithUnrealBuildTool|Win32
		{F4EE8094-45AF-44CA-87EE-1A9BF3AD63DA}.DebugGame|Win64.ActiveCfg = BuiltWithUnrealBuildTool|Win32
		{F4EE8094-45AF-44CA-87EE-1A9BF3AD63DA}.DebugGame|Win64.Build.0 = BuiltWithUnrealBuildTool|Win32
		{F4EE8094-45AF-44CA-87EE-1A9BF3AD63DA}.Development Editor|HTML5.ActiveCfg = BuiltWithUnrealBuildTool|Win32
		{F4EE8094-45AF-44CA-87EE-1A9BF3AD63DA}.Development Editor|HTML5.Build.0 = BuiltWithUnrealBuildTool|Win32
		{F4EE8094-45AF-44CA-87EE-1A9BF3AD63DA}.Development Editor|Win32.ActiveCfg = BuiltWithUnrealBuildTool|Win32
		{F4EE8094-45AF-44CA-87EE-1A9BF3AD63DA}.Development Editor|Win32.Build.0 = BuiltWithUnrealBuildTool|Win32
		{F4EE8094-45AF-44CA-87EE-1A9BF3AD63DA}.Development Editor|Win64.ActiveCfg = BuiltWithUnrealBuildTool|Win32
		{F4EE8094-45AF-44CA-87EE-1A9BF3AD63DA}.Development Editor|Win64.Build.0 = BuiltWithUnrealBuildTool|Win32
		{F4EE8094-45AF-44CA-87EE-1A9BF3AD63DA}.Development|HTML5.ActiveCfg = BuiltWithUnrealBuildTool|Win32
		{F4EE8094-45AF-44CA-87EE-1A9BF3AD63DA}.Development|HTML5.Build.0 = BuiltWithUnrealBuildTool|Win32
		{F4EE8094-45AF-44CA-87EE-1A9BF3AD63DA}.Development|Win32.ActiveCfg = BuiltWithUnrealBuildTool|Win32
		{F4EE8094-45AF-44CA-87EE-1A9BF3AD63DA}.Development|Win32.Build.0 = BuiltWithUnrealBuildTool|Win32
		{F4EE8094-45AF-44CA-87EE-1A9BF3AD63DA}.Development|Win64.ActiveCfg = BuiltWithUnrealBuildTool|Win32
		{F4EE8094-45AF-44CA-87EE-1A9BF3AD63DA}.Development|Win64.Build.0 = BuiltWithUnrealBuildTool|Win32
		{F4EE8094-45AF-44CA-87EE-1A9BF3AD63DA}.Shipping|HTML5.ActiveCfg = BuiltWithUnrealBuildTool|Win32
		{F4EE8094-45AF-44CA-87EE-1A9BF3AD63DA}.Shipping|HTML5.Build.0 = BuiltWithUnrealBuildTool|Win32
		{F4EE8094-45AF-44CA-87EE-1A9BF3AD63DA}.Shipping|Win32.ActiveCfg = BuiltWithUnrealBuildTool|Win32
		{F4EE8094-45AF-44CA-87EE-1A9BF3AD63DA}.Shipping|Win32.Build.0 = BuiltWithUnrealBuildTool|Win32
		{F4EE8094-45AF-44CA-87EE-1A9BF3AD63DA}.Shipping|Win64.ActiveCfg = BuiltWithUnrealBuildTool|Win32
		{F4EE8094-45AF-44CA-87EE-1A9BF3AD63DA}.Shipping|Win64.Build.0 = BuiltWithUnrealBuildTool|Win32
		{8D5E9879-6211-4865-A1CB-F9BE7162007F}.DebugGame Editor|HTML5.ActiveCfg = HTML5_DebugGame_Editor|Win32
		{8D5E9879-6211-4865-A1CB-F9BE7162007F}.DebugGame Editor|Win32.ActiveCfg = DebugGame_Editor|Win32
		{8D5E9879-6211-4865-A1CB-F9BE7162007F}.DebugGame Editor|Win64.ActiveCfg = DebugGame_Editor|x64
		{8D5E9879-6211-4865-A1CB-F9BE7162007F}.DebugGame Editor|Win64.Build.0 = DebugGame_Editor|x64
		{8D5E9879-6211-4865-A1CB-F9BE7162007F}.DebugGame|HTML5.ActiveCfg = HTML5_DebugGame_Game|Win32
		{8D5E9879-6211-4865-A1CB-F9BE7162007F}.DebugGame|HTML5.Build.0 = HTML5_DebugGame_Game|Win32
		{8D5E9879-6211-4865-A1CB-F9BE7162007F}.DebugGame|Win32.ActiveCfg = DebugGame_Game|Win32
		{8D5E9879-6211-4865-A1CB-F9BE7162007F}.DebugGame|Win32.Build.0 = DebugGame_Game|Win32
		{8D5E9879-6211-4865-A1CB-F9BE7162007F}.DebugGame|Win64.ActiveCfg = DebugGame_Game|x64
		{8D5E9879-6211-4865-A1CB-F9BE7162007F}.DebugGame|Win64.Build.0 = DebugGame_Game|x64
		{8D5E9879-6211-4865-A1CB-F9BE7162007F}.Development Editor|HTML5.ActiveCfg = HTML5_Development_Editor|Win32
		{8D5E9879-6211-4865-A1CB-F9BE7162007F}.Development Editor|Win32.ActiveCfg = Development_Editor|Win32
		{8D5E9879-6211-4865-A1CB-F9BE7162007F}.Development Editor|Win64.ActiveCfg = Development_Editor|x64
		{8D5E9879-6211-4865-A1CB-F9BE7162007F}.Development Editor|Win64.Build.0 = Development_Editor|x64
		{8D5E9879-6211-4865-A1CB-F9BE7162007F}.Development|HTML5.ActiveCfg = HTML5_Development_Game|Win32
		{8D5E9879-6211-4865-A1CB-F9BE7162007F}.Development|HTML5.Build.0 = HTML5_Development_Game|Win32
		{8D5E9879-6211-4865-A1CB-F9BE7162007F}.Development|Win32.ActiveCfg = Development_Game|Win32
		{8D5E9879-6211-4865-A1CB-F9BE7162007F}.Development|Win32.Build.0 = Development_Game|Win32
		{8D5E9879-6211-4865-A1CB-F9BE7162007F}.Development|Win64.ActiveCfg = Development_Game|x64
		{8D5E9879-6211-4865-A1CB-F9BE7162007F}.Development|Win64.Build.0 = Development_Game|x64
		{8D5E9879-6211-4865-A1CB-F9BE7162007F}.Shipping|HTML5.ActiveCfg = HTML5_Shipping_Game|Win32
		{8D5E9879-6211-4865-A1CB-F9BE7162007F}.Shipping|HTML5.Build.0 = HTML5_Shipping_Game|Win32
		{8D5E9879-6211-4865-A1CB-F9BE7162007F}.Shipping|Win32.ActiveCfg = Shipping_Game|Win32
		{8D5E9879-6211-4865-A1CB-F9BE7162007F}.Shipping|Win32.Build.0 = Shipping_Game|Win32
		{8D5E9879-6211-4865-A1CB-F9BE7162007F}.Shipping|Win64.ActiveCfg = Shipping_Game|x64
		{8D5E9879-6211-4865-A1CB-F9BE7162007F}.Shipping|Win64.Build.0 = Shipping_Game|x64
	EndGlobalSection
	GlobalSection(SolutionProperties) = preSolution
		HideSolutionNode = FALSE
	EndGlobalSection
	GlobalSection(NestedProjects) = preSolution
		{F4EE8094-45AF-44CA-87EE-1A9BF3AD63DA} = {AF38A7A0-E8F7-4ED5-BF3C-F0A128BD9DBF}
		{8D5E9879-6211-4865-A1CB-F9BE7162007F} = {D75F1BC7-560D-4819-BDF3-24A3D3306350}
	EndGlobalSection
	GlobalSection(ExtensibilityGlobals) = postSolution
		SolutionGuid = {6E80DB3F-1AD4-4569-9D78-3AEC40E5DD50}
	EndGlobalSection
EndGlobal
